
Microsoft Visual Studio Solution File, Format Version 12.00
# Visual Studio 14
VisualStudioVersion = 14.0.25420.1
MinimumVisualStudioVersion = 10.0.40219.1
Project("{FAE04EC0-301F-11D3-BF4B-00C04F79EFBC}") = "SummatorRemoteService", "SummatorRemoteService\SummatorRemoteService.csproj", "{A2F4DE5A-1AC8-402A-9393-F798695D8C6E}"
EndProject
Project("{FAE04EC0-301F-11D3-BF4B-00C04F79EFBC}") = "SummatorHost", "SummatorHost\SummatorHost.csproj", "{D170F3CB-46A4-45A2-8112-2A9A93BF7E5F}"
EndProject
Project("{FAE04EC0-301F-11D3-BF4B-00C04F79EFBC}") = "SummatorClient", "SummatorClient\SummatorClient.csproj", "{4DCFE859-4758-44B0-8135-7EAA6557A7C5}"
EndProject
Global
	GlobalSection(SolutionConfigurationPlatforms) = preSolution
		Debug|Any CPU = Debug|Any CPU
		Release|Any CPU = Release|Any CPU
	EndGlobalSection
	GlobalSection(ProjectConfigurationPlatforms) = postSolution
		{A2F4DE5A-1AC8-402A-9393-F798695D8C6E}.Debug|Any CPU.ActiveCfg = Debug|Any CPU
		{A2F4DE5A-1AC8-402A-9393-F798695D8C6E}.Debug|Any CPU.Build.0 = Debug|Any CPU
		{A2F4DE5A-1AC8-402A-9393-F798695D8C6E}.Release|Any CPU.ActiveCfg = Release|Any CPU
		{A2F4DE5A-1AC8-402A-9393-F798695D8C6E}.Release|Any CPU.Build.0 = Release|Any CPU
		{D170F3CB-46A4-45A2-8112-2A9A93BF7E5F}.Debug|Any CPU.ActiveCfg = Debug|Any CPU
		{D170F3CB-46A4-45A2-8112-2A9A93BF7E5F}.Debug|Any CPU.Build.0 = Debug|Any CPU
		{D170F3CB-46A4-45A2-8112-2A9A93BF7E5F}.Release|Any CPU.ActiveCfg = Release|Any CPU
		{D170F3CB-46A4-45A2-8112-2A9A93BF7E5F}.Release|Any CPU.Build.0 = Release|Any CPU
		{4DCFE859-4758-44B0-8135-7EAA6557A7C5}.Debug|Any CPU.ActiveCfg = Debug|Any CPU
		{4DCFE859-4758-44B0-8135-7EAA6557A7C5}.Debug|Any CPU.Build.0 = Debug|Any CPU
		{4DCFE859-4758-44B0-8135-7EAA6557A7C5}.Release|Any CPU.ActiveCfg = Release|Any CPU
		{4DCFE859-4758-44B0-8135-7EAA6557A7C5}.Release|Any CPU.Build.0 = Release|Any CPU
	EndGlobalSection
	GlobalSection(SolutionProperties) = preSolution
		HideSolutionNode = FALSE
	EndGlobalSection
EndGlobal
